
Microsoft Visual Studio Solution File, Format Version 12.00
# Visual Studio 15
VisualStudioVersion = 15.0.28010.2003
MinimumVisualStudioVersion = 10.0.40219.1
Project("{FAE04EC0-301F-11D3-BF4B-00C04F79EFBC}") = "modstaz", "modstaz\modstaz.csproj", "{B1C9DF3F-9994-4E0E-BEF9-0B880CDBE09D}"
EndProject
Global
	GlobalSection(SolutionConfigurationPlatforms) = preSolution
		Debug|Any CPU = Debug|Any CPU
		Release|Any CPU = Release|Any CPU
	EndGlobalSection
	GlobalSection(ProjectConfigurationPlatforms) = postSolution
		{B1C9DF3F-9994-4E0E-BEF9-0B880CDBE09D}.Debug|Any CPU.ActiveCfg = Debug|Any CPU
		{B1C9DF3F-9994-4E0E-BEF9-0B880CDBE09D}.Debug|Any CPU.Build.0 = Debug|Any CPU
		{B1C9DF3F-9994-4E0E-BEF9-0B880CDBE09D}.Release|Any CPU.ActiveCfg = Release|Any CPU
		{B1C9DF3F-9994-4E0E-BEF9-0B880CDBE09D}.Release|Any CPU.Build.0 = Release|Any CPU
	EndGlobalSection
	GlobalSection(SolutionProperties) = preSolution
		HideSolutionNode = FALSE
	EndGlobalSection
	GlobalSection(ExtensibilityGlobals) = postSolution
		SolutionGuid = {2714423A-B4E0-4457-B19E-88A3DB0F94B5}
	EndGlobalSection
EndGlobal
